
Microsoft Visual Studio Solution File, Format Version 12.00
# Visual Studio 14
VisualStudioVersion = 14.0.25420.1
MinimumVisualStudioVersion = 10.0.40219.1
Project("{FAE04EC0-301F-11D3-BF4B-00C04F79EFBC}") = "WebApi", "WebApi\WebApi.csproj", "{DF3DBC15-063F-462A-A708-D7C4A8CAEE82}"
EndProject
Project("{FAE04EC0-301F-11D3-BF4B-00C04F79EFBC}") = "Models", "Models\Models.csproj", "{2F5D1301-0431-4F5F-A347-00FC056E2FA7}"
EndProject
Project("{FAE04EC0-301F-11D3-BF4B-00C04F79EFBC}") = "UnitTestProject1", "UnitTestProject1\UnitTestProject1.csproj", "{9BAC5678-F945-46C2-AF8A-AC3653748FC4}"
EndProject
Global
	GlobalSection(SolutionConfigurationPlatforms) = preSolution
		Debug|Any CPU = Debug|Any CPU
		Release|Any CPU = Release|Any CPU
	EndGlobalSection
	GlobalSection(ProjectConfigurationPlatforms) = postSolution
		{DF3DBC15-063F-462A-A708-D7C4A8CAEE82}.Debug|Any CPU.ActiveCfg = Debug|Any CPU
		{DF3DBC15-063F-462A-A708-D7C4A8CAEE82}.Debug|Any CPU.Build.0 = Debug|Any CPU
		{DF3DBC15-063F-462A-A708-D7C4A8CAEE82}.Release|Any CPU.ActiveCfg = Release|Any CPU
		{DF3DBC15-063F-462A-A708-D7C4A8CAEE82}.Release|Any CPU.Build.0 = Release|Any CPU
		{2F5D1301-0431-4F5F-A347-00FC056E2FA7}.Debug|Any CPU.ActiveCfg = Debug|Any CPU
		{2F5D1301-0431-4F5F-A347-00FC056E2FA7}.Debug|Any CPU.Build.0 = Debug|Any CPU
		{2F5D1301-0431-4F5F-A347-00FC056E2FA7}.Release|Any CPU.ActiveCfg = Release|Any CPU
		{2F5D1301-0431-4F5F-A347-00FC056E2FA7}.Release|Any CPU.Build.0 = Release|Any CPU
		{9BAC5678-F945-46C2-AF8A-AC3653748FC4}.Debug|Any CPU.ActiveCfg = Debug|Any CPU
		{9BAC5678-F945-46C2-AF8A-AC3653748FC4}.Debug|Any CPU.Build.0 = Debug|Any CPU
		{9BAC5678-F945-46C2-AF8A-AC3653748FC4}.Release|Any CPU.ActiveCfg = Release|Any CPU
		{9BAC5678-F945-46C2-AF8A-AC3653748FC4}.Release|Any CPU.Build.0 = Release|Any CPU
	EndGlobalSection
	GlobalSection(SolutionProperties) = preSolution
		HideSolutionNode = FALSE
	EndGlobalSection
EndGlobal
